
Microsoft Visual Studio Solution File, Format Version 12.00
# Visual Studio Version 17
VisualStudioVersion = 17.9.34622.214
MinimumVisualStudioVersion = 10.0.40219.1
Project("{FAE04EC0-301F-11D3-BF4B-00C04F79EFBC}") = "lap6", "lap6\lap6.csproj", "{88921BA4-DE8F-4D44-95F3-1592E4B57AEE}"
EndProject
Global
	GlobalSection(SolutionConfigurationPlatforms) = preSolution
		Debug|Any CPU = Debug|Any CPU
		Release|Any CPU = Release|Any CPU
	EndGlobalSection
	GlobalSection(ProjectConfigurationPlatforms) = postSolution
		{88921BA4-DE8F-4D44-95F3-1592E4B57AEE}.Debug|Any CPU.ActiveCfg = Debug|Any CPU
		{88921BA4-DE8F-4D44-95F3-1592E4B57AEE}.Debug|Any CPU.Build.0 = Debug|Any CPU
		{88921BA4-DE8F-4D44-95F3-1592E4B57AEE}.Release|Any CPU.ActiveCfg = Release|Any CPU
		{88921BA4-DE8F-4D44-95F3-1592E4B57AEE}.Release|Any CPU.Build.0 = Release|Any CPU
	EndGlobalSection
	GlobalSection(SolutionProperties) = preSolution
		HideSolutionNode = FALSE
	EndGlobalSection
	GlobalSection(ExtensibilityGlobals) = postSolution
		SolutionGuid = {7AC57DBC-E31E-493D-9E2D-143B1A24AE6D}
	EndGlobalSection
EndGlobal
